
Microsoft Visual Studio Solution File, Format Version 12.00
# Visual Studio Version 18
VisualStudioVersion = 18.1.11312.151 d18.0
MinimumVisualStudioVersion = 10.0.40219.1
Project("{FAE04EC0-301F-11D3-BF4B-00C04F79EFBC}") = "A4OCore", "A4OCore\A4OCore.csproj", "{0303346D-BCA2-99CB-861E-728A067717E3}"
EndProject
Project("{FAE04EC0-301F-11D3-BF4B-00C04F79EFBC}") = "A4OCoreTests", "A4OCoreTests\A4OCoreTests.csproj", "{84D2D2F1-986A-5CB0-4E75-7BEB4339782D}"
EndProject
Project("{FAE04EC0-301F-11D3-BF4B-00C04F79EFBC}") = "A4ODto", "..\A4O-BL\A4ODto\A4ODto.csproj", "{7B6FA000-8250-0DC3-FB8A-30314BB68C65}"
EndProject
Global
	GlobalSection(SolutionConfigurationPlatforms) = preSolution
		Debug|Any CPU = Debug|Any CPU
		Release|Any CPU = Release|Any CPU
	EndGlobalSection
	GlobalSection(ProjectConfigurationPlatforms) = postSolution
		{0303346D-BCA2-99CB-861E-728A067717E3}.Debug|Any CPU.ActiveCfg = Debug|Any CPU
		{0303346D-BCA2-99CB-861E-728A067717E3}.Debug|Any CPU.Build.0 = Debug|Any CPU
		{0303346D-BCA2-99CB-861E-728A067717E3}.Release|Any CPU.ActiveCfg = Release|Any CPU
		{0303346D-BCA2-99CB-861E-728A067717E3}.Release|Any CPU.Build.0 = Release|Any CPU
		{84D2D2F1-986A-5CB0-4E75-7BEB4339782D}.Debug|Any CPU.ActiveCfg = Debug|Any CPU
		{84D2D2F1-986A-5CB0-4E75-7BEB4339782D}.Debug|Any CPU.Build.0 = Debug|Any CPU
		{84D2D2F1-986A-5CB0-4E75-7BEB4339782D}.Release|Any CPU.ActiveCfg = Release|Any CPU
		{84D2D2F1-986A-5CB0-4E75-7BEB4339782D}.Release|Any CPU.Build.0 = Release|Any CPU
		{7B6FA000-8250-0DC3-FB8A-30314BB68C65}.Debug|Any CPU.ActiveCfg = Debug|Any CPU
		{7B6FA000-8250-0DC3-FB8A-30314BB68C65}.Debug|Any CPU.Build.0 = Debug|Any CPU
		{7B6FA000-8250-0DC3-FB8A-30314BB68C65}.Release|Any CPU.ActiveCfg = Release|Any CPU
		{7B6FA000-8250-0DC3-FB8A-30314BB68C65}.Release|Any CPU.Build.0 = Release|Any CPU
	EndGlobalSection
	GlobalSection(SolutionProperties) = preSolution
		HideSolutionNode = FALSE
	EndGlobalSection
	GlobalSection(ExtensibilityGlobals) = postSolution
		SolutionGuid = {06DD1A95-75A1-4607-9DB9-4DB43BBB67CE}
	EndGlobalSection
EndGlobal
